
Microsoft Visual Studio Solution File, Format Version 12.00
# Visual Studio Version 17
VisualStudioVersion = 17.3.32929.385
MinimumVisualStudioVersion = 10.0.40219.1
Project("{FAE04EC0-301F-11D3-BF4B-00C04F79EFBC}") = "C2.DreamFitness", "C2.DreamFitness\C2.DreamFitness.csproj", "{EEB4F444-1996-4A0F-841C-8D9AF213B62A}"
EndProject
Global
	GlobalSection(SolutionConfigurationPlatforms) = preSolution
		Debug|Any CPU = Debug|Any CPU
		Release|Any CPU = Release|Any CPU
	EndGlobalSection
	GlobalSection(ProjectConfigurationPlatforms) = postSolution
		{EEB4F444-1996-4A0F-841C-8D9AF213B62A}.Debug|Any CPU.ActiveCfg = Debug|Any CPU
		{EEB4F444-1996-4A0F-841C-8D9AF213B62A}.Debug|Any CPU.Build.0 = Debug|Any CPU
		{EEB4F444-1996-4A0F-841C-8D9AF213B62A}.Release|Any CPU.ActiveCfg = Release|Any CPU
		{EEB4F444-1996-4A0F-841C-8D9AF213B62A}.Release|Any CPU.Build.0 = Release|Any CPU
	EndGlobalSection
	GlobalSection(SolutionProperties) = preSolution
		HideSolutionNode = FALSE
	EndGlobalSection
	GlobalSection(ExtensibilityGlobals) = postSolution
		SolutionGuid = {38B8E5C7-811F-4E63-A3E9-4C32FD9E825B}
	EndGlobalSection
EndGlobal
